
Microsoft Visual Studio Solution File, Format Version 12.00
# Visual Studio Version 16
VisualStudioVersion = 16.0.30717.126
MinimumVisualStudioVersion = 10.0.40219.1
Project("{FAE04EC0-301F-11D3-BF4B-00C04F79EFBC}") = "HangfireDemo", "HangfireDemo.csproj", "{58A14EB4-1874-4B73-B2B4-D0A34656FA39}"
EndProject
Global
	GlobalSection(SolutionConfigurationPlatforms) = preSolution
		Debug|Any CPU = Debug|Any CPU
		Release|Any CPU = Release|Any CPU
	EndGlobalSection
	GlobalSection(ProjectConfigurationPlatforms) = postSolution
		{58A14EB4-1874-4B73-B2B4-D0A34656FA39}.Debug|Any CPU.ActiveCfg = Debug|Any CPU
		{58A14EB4-1874-4B73-B2B4-D0A34656FA39}.Debug|Any CPU.Build.0 = Debug|Any CPU
		{58A14EB4-1874-4B73-B2B4-D0A34656FA39}.Release|Any CPU.ActiveCfg = Release|Any CPU
		{58A14EB4-1874-4B73-B2B4-D0A34656FA39}.Release|Any CPU.Build.0 = Release|Any CPU
	EndGlobalSection
	GlobalSection(SolutionProperties) = preSolution
		HideSolutionNode = FALSE
	EndGlobalSection
	GlobalSection(ExtensibilityGlobals) = postSolution
		SolutionGuid = {F3294CCC-2313-46DD-B17C-2C0C3CFD8EDD}
	EndGlobalSection
EndGlobal
